{
  "originHash" : "7ebf934a5e5d4cea50fd480c2200912ab49e3aa893189594777642c8fc03fa78",
  "pins" : [
    {
      "identity" : "alamofire",
      "kind" : "remoteSourceControl",
      "location" : "https://github.com/Alamofire/Alamofire.git",
      "state" : {
        "revision" : "f455c2975872ccd2d9c81594c658af65716e9b9a",
        "version" : "5.9.1"
      }
    },
    {
      "identity" : "rxswift",
      "kind" : "remoteSourceControl",
      "location" : "https://github.com/ReactiveX/RxSwift.git",
      "state" : {
        "revision" : "b06a8c8596e4c3e8e7788e08e720e3248563ce6a",
        "version" : "6.7.1"
      }
    },
    {
      "identity" : "xcoordinator",
      "kind" : "remoteSourceControl",
      "location" : "https://github.com/quickbirdstudios/XCoordinator.git",
      "state" : {
        "revision" : "00b066139ed0bf2f68549a7d87434ed36dfa6dea",
        "version" : "2.2.1"
      }
    }
  ],
  "version" : 3
}
